
Microsoft Visual Studio Solution File, Format Version 12.00
# Visual Studio Version 17
VisualStudioVersion = 17.12.35521.163
MinimumVisualStudioVersion = 10.0.40219.1
Project("{FAE04EC0-301F-11D3-BF4B-00C04F79EFBC}") = "NeuralTech", "NeuralTech\NeuralTech.csproj", "{5A477932-811B-483E-AD9B-66404750D882}"
EndProject
Project("{FAE04EC0-301F-11D3-BF4B-00C04F79EFBC}") = "NeuralTech.EntityFramework", "NeuralTech.EntityFramework\NeuralTech.EntityFramework.csproj", "{07CC86CC-34C0-4503-821A-36AA93901FDF}"
EndProject
Project("{2150E333-8FDC-42A3-9474-1A3956D46DE8}") = "Base", "Base", "{0974C4FB-5E4F-4FB3-B582-0BEEB32365A2}"
EndProject
Project("{2150E333-8FDC-42A3-9474-1A3956D46DE8}") = "Source", "Source", "{B0A62564-424A-4E80-82BB-F9FDFB41C087}"
EndProject
Project("{2150E333-8FDC-42A3-9474-1A3956D46DE8}") = "Tests", "Tests", "{199DD20B-2A14-4EB0-8B47-77F409BE424E}"
EndProject
Project("{FAE04EC0-301F-11D3-BF4B-00C04F79EFBC}") = "NeuralTech.EntityFramework.Tests", "..\..\Tests\NeuralTech.EntityFramework.Tests\NeuralTech.EntityFramework.Tests.csproj", "{ADCC9981-AB9C-4405-B41B-75DD22216065}"
EndProject
Project("{2150E333-8FDC-42A3-9474-1A3956D46DE8}") = "Modules", "Modules", "{0831FA87-0673-424B-A04D-3C22B5F85E67}"
EndProject
Project("{2150E333-8FDC-42A3-9474-1A3956D46DE8}") = "AuthenticationModule", "AuthenticationModule", "{E6A50C00-D076-4420-BCF0-C4425D66717D}"
EndProject
Project("{2150E333-8FDC-42A3-9474-1A3956D46DE8}") = "Source", "Source", "{3D372ACE-CB23-41DF-9932-3CCF2516DCED}"
EndProject
Project("{2150E333-8FDC-42A3-9474-1A3956D46DE8}") = "Tests", "Tests", "{00933B04-8B15-4E8F-9FB4-0ECC0095773F}"
EndProject
Project("{FAE04EC0-301F-11D3-BF4B-00C04F79EFBC}") = "Identity", "..\..\..\Modules\AuthenticationModule\Source\Identity\Identity.csproj", "{68A7465A-20F7-4766-98DB-902D52B5F5C9}"
EndProject
Project("{2150E333-8FDC-42A3-9474-1A3956D46DE8}") = "FilingModule", "FilingModule", "{25B52955-F453-4E26-9B4D-D01FCB644E9E}"
EndProject
Project("{2150E333-8FDC-42A3-9474-1A3956D46DE8}") = "Source", "Source", "{434DA343-A389-490C-A0F9-45754623C54D}"
EndProject
Project("{2150E333-8FDC-42A3-9474-1A3956D46DE8}") = "Tests", "Tests", "{95BEC932-20D1-4614-A229-B727C7AFB720}"
EndProject
Project("{FAE04EC0-301F-11D3-BF4B-00C04F79EFBC}") = "Filing", "..\..\..\Modules\FilingModule\Source\Filing\Filing.csproj", "{7DC91A6E-FC3C-4879-BFF1-19FFC70BE4E5}"
EndProject
Project("{2150E333-8FDC-42A3-9474-1A3956D46DE8}") = "MessagingModel", "MessagingModel", "{93FDAC26-8D3D-43AA-BFAC-C3A3006BC295}"
EndProject
Project("{2150E333-8FDC-42A3-9474-1A3956D46DE8}") = "AccommodationModule", "AccommodationModule", "{CEAD1C9F-EEA6-40DD-8859-5925DF5C77A7}"
EndProject
Project("{2150E333-8FDC-42A3-9474-1A3956D46DE8}") = "Projects", "Projects", "{21C91BDF-E057-4C4C-8B4D-32D9D4E37302}"
EndProject
Project("{2150E333-8FDC-42A3-9474-1A3956D46DE8}") = "Vendors", "Vendors", "{228FC884-2A48-4F51-9D90-10CF0D60EC28}"
EndProject
Project("{2150E333-8FDC-42A3-9474-1A3956D46DE8}") = "LodgingVendors", "LodgingVendors", "{0EE69DF8-246B-4C25-BD79-A2C5DD7E6A4E}"
EndProject
Project("{FAE04EC0-301F-11D3-BF4B-00C04F79EFBC}") = "NightsBridge", "..\..\..\Vendors\LodgingVendors\Source\NightsBridge\NightsBridge.csproj", "{986D68F5-3845-44C7-9FD8-BAC73BCA5EC5}"
EndProject
Project("{2150E333-8FDC-42A3-9474-1A3956D46DE8}") = "GroupingModule", "GroupingModule", "{727A9635-1639-493B-97F1-CA336E4B7093}"
EndProject
Project("{FAE04EC0-301F-11D3-BF4B-00C04F79EFBC}") = "Grouping", "..\..\..\Modules\GroupingModule\Source\Grouping\Grouping.csproj", "{7582ECE4-69F4-4578-81EF-618066A36434}"
EndProject
Project("{2150E333-8FDC-42A3-9474-1A3956D46DE8}") = "Source", "Source", "{BA12E112-957C-4060-93E4-17F234DDE577}"
EndProject
Project("{2150E333-8FDC-42A3-9474-1A3956D46DE8}") = "Tests", "Tests", "{40FAC61D-12FC-44E5-AD9F-52B8CB64E2D5}"
EndProject
Project("{FAE04EC0-301F-11D3-BF4B-00C04F79EFBC}") = "Accommodation.Services", "..\..\..\Modules\AccommodationModule\Source\Accommodation.Services\Accommodation.Services.csproj", "{F8AF8F72-5685-4F53-8770-4D0250C792C2}"
EndProject
Project("{FAE04EC0-301F-11D3-BF4B-00C04F79EFBC}") = "Accommodation.Base", "..\..\..\Modules\AccommodationModule\Source\Accommodation.Base\Accommodation.Base.csproj", "{9E5C14CD-AEB1-4455-A6A6-D17FBF1786FF}"
EndProject
Project("{FAE04EC0-301F-11D3-BF4B-00C04F79EFBC}") = "Accommodation.RestApi", "..\..\..\Modules\AccommodationModule\Source\Accommodation.RestApi\Accommodation.RestApi.csproj", "{BCE1CD2E-032A-4FE8-AE82-62AA91BD5370}"
EndProject
Project("{FAE04EC0-301F-11D3-BF4B-00C04F79EFBC}") = "Accommodation.Shared", "..\..\..\Modules\AccommodationModule\Source\Accommodation.Base\Accommodation.Shared\Accommodation.Shared.csproj", "{A31209D9-61D9-4F80-A217-FD30C09EF79F}"
EndProject
Project("{2150E333-8FDC-42A3-9474-1A3956D46DE8}") = "BeneficiaryModule", "BeneficiaryModule", "{620211DA-4718-441D-B246-A1EAC5DC2567}"
EndProject
Project("{2150E333-8FDC-42A3-9474-1A3956D46DE8}") = "Source", "Source", "{E8A35B67-42FD-4041-90CC-C4A5790DB95F}"
EndProject
Project("{2150E333-8FDC-42A3-9474-1A3956D46DE8}") = "Tests", "Tests", "{BE0C1F0D-487A-4258-9BB5-DE717F4AE65B}"
EndProject
Project("{2150E333-8FDC-42A3-9474-1A3956D46DE8}") = "Source", "Source", "{966C690D-172D-4C85-9C62-2A6A97E213EE}"
EndProject
Project("{2150E333-8FDC-42A3-9474-1A3956D46DE8}") = "Source", "Source", "{52BAAC76-7120-4CE0-B059-C884A02B3C93}"
EndProject
Project("{2150E333-8FDC-42A3-9474-1A3956D46DE8}") = "Tests", "Tests", "{9F6E4AE1-61C8-45FD-A6DC-FD26D43DA2CB}"
EndProject
Project("{2150E333-8FDC-42A3-9474-1A3956D46DE8}") = "Tests", "Tests", "{5CF911D6-8CE3-4249-9280-796E5FE65057}"
EndProject
Project("{FAE04EC0-301F-11D3-BF4B-00C04F79EFBC}") = "Beneficiary", "..\..\..\Modules\BeneficiaryModule\Source\Beneficiary\Beneficiary.csproj", "{81EDA3AF-3A5D-436C-AEC6-2F73FA09223C}"
EndProject
Global
	GlobalSection(SolutionConfigurationPlatforms) = preSolution
		Debug|Any CPU = Debug|Any CPU
		Release|Any CPU = Release|Any CPU
	EndGlobalSection
	GlobalSection(ProjectConfigurationPlatforms) = postSolution
		{5A477932-811B-483E-AD9B-66404750D882}.Debug|Any CPU.ActiveCfg = Debug|Any CPU
		{5A477932-811B-483E-AD9B-66404750D882}.Debug|Any CPU.Build.0 = Debug|Any CPU
		{5A477932-811B-483E-AD9B-66404750D882}.Release|Any CPU.ActiveCfg = Release|Any CPU
		{5A477932-811B-483E-AD9B-66404750D882}.Release|Any CPU.Build.0 = Release|Any CPU
		{07CC86CC-34C0-4503-821A-36AA93901FDF}.Debug|Any CPU.ActiveCfg = Debug|Any CPU
		{07CC86CC-34C0-4503-821A-36AA93901FDF}.Debug|Any CPU.Build.0 = Debug|Any CPU
		{07CC86CC-34C0-4503-821A-36AA93901FDF}.Release|Any CPU.ActiveCfg = Release|Any CPU
		{07CC86CC-34C0-4503-821A-36AA93901FDF}.Release|Any CPU.Build.0 = Release|Any CPU
		{ADCC9981-AB9C-4405-B41B-75DD22216065}.Debug|Any CPU.ActiveCfg = Debug|Any CPU
		{ADCC9981-AB9C-4405-B41B-75DD22216065}.Debug|Any CPU.Build.0 = Debug|Any CPU
		{ADCC9981-AB9C-4405-B41B-75DD22216065}.Release|Any CPU.ActiveCfg = Release|Any CPU
		{ADCC9981-AB9C-4405-B41B-75DD22216065}.Release|Any CPU.Build.0 = Release|Any CPU
		{68A7465A-20F7-4766-98DB-902D52B5F5C9}.Debug|Any CPU.ActiveCfg = Debug|Any CPU
		{68A7465A-20F7-4766-98DB-902D52B5F5C9}.Debug|Any CPU.Build.0 = Debug|Any CPU
		{68A7465A-20F7-4766-98DB-902D52B5F5C9}.Release|Any CPU.ActiveCfg = Release|Any CPU
		{68A7465A-20F7-4766-98DB-902D52B5F5C9}.Release|Any CPU.Build.0 = Release|Any CPU
		{7DC91A6E-FC3C-4879-BFF1-19FFC70BE4E5}.Debug|Any CPU.ActiveCfg = Debug|Any CPU
		{7DC91A6E-FC3C-4879-BFF1-19FFC70BE4E5}.Debug|Any CPU.Build.0 = Debug|Any CPU
		{7DC91A6E-FC3C-4879-BFF1-19FFC70BE4E5}.Release|Any CPU.ActiveCfg = Release|Any CPU
		{7DC91A6E-FC3C-4879-BFF1-19FFC70BE4E5}.Release|Any CPU.Build.0 = Release|Any CPU
		{986D68F5-3845-44C7-9FD8-BAC73BCA5EC5}.Debug|Any CPU.ActiveCfg = Debug|Any CPU
		{986D68F5-3845-44C7-9FD8-BAC73BCA5EC5}.Debug|Any CPU.Build.0 = Debug|Any CPU
		{986D68F5-3845-44C7-9FD8-BAC73BCA5EC5}.Release|Any CPU.ActiveCfg = Release|Any CPU
		{986D68F5-3845-44C7-9FD8-BAC73BCA5EC5}.Release|Any CPU.Build.0 = Release|Any CPU
		{7582ECE4-69F4-4578-81EF-618066A36434}.Debug|Any CPU.ActiveCfg = Debug|Any CPU
		{7582ECE4-69F4-4578-81EF-618066A36434}.Debug|Any CPU.Build.0 = Debug|Any CPU
		{7582ECE4-69F4-4578-81EF-618066A36434}.Release|Any CPU.ActiveCfg = Release|Any CPU
		{7582ECE4-69F4-4578-81EF-618066A36434}.Release|Any CPU.Build.0 = Release|Any CPU
		{F8AF8F72-5685-4F53-8770-4D0250C792C2}.Debug|Any CPU.ActiveCfg = Debug|Any CPU
		{F8AF8F72-5685-4F53-8770-4D0250C792C2}.Debug|Any CPU.Build.0 = Debug|Any CPU
		{F8AF8F72-5685-4F53-8770-4D0250C792C2}.Release|Any CPU.ActiveCfg = Release|Any CPU
		{F8AF8F72-5685-4F53-8770-4D0250C792C2}.Release|Any CPU.Build.0 = Release|Any CPU
		{9E5C14CD-AEB1-4455-A6A6-D17FBF1786FF}.Debug|Any CPU.ActiveCfg = Debug|Any CPU
		{9E5C14CD-AEB1-4455-A6A6-D17FBF1786FF}.Debug|Any CPU.Build.0 = Debug|Any CPU
		{9E5C14CD-AEB1-4455-A6A6-D17FBF1786FF}.Release|Any CPU.ActiveCfg = Release|Any CPU
		{9E5C14CD-AEB1-4455-A6A6-D17FBF1786FF}.Release|Any CPU.Build.0 = Release|Any CPU
		{BCE1CD2E-032A-4FE8-AE82-62AA91BD5370}.Debug|Any CPU.ActiveCfg = Debug|Any CPU
		{BCE1CD2E-032A-4FE8-AE82-62AA91BD5370}.Debug|Any CPU.Build.0 = Debug|Any CPU
		{BCE1CD2E-032A-4FE8-AE82-62AA91BD5370}.Release|Any CPU.ActiveCfg = Release|Any CPU
		{BCE1CD2E-032A-4FE8-AE82-62AA91BD5370}.Release|Any CPU.Build.0 = Release|Any CPU
		{A31209D9-61D9-4F80-A217-FD30C09EF79F}.Debug|Any CPU.ActiveCfg = Debug|Any CPU
		{A31209D9-61D9-4F80-A217-FD30C09EF79F}.Debug|Any CPU.Build.0 = Debug|Any CPU
		{A31209D9-61D9-4F80-A217-FD30C09EF79F}.Release|Any CPU.ActiveCfg = Release|Any CPU
		{A31209D9-61D9-4F80-A217-FD30C09EF79F}.Release|Any CPU.Build.0 = Release|Any CPU
		{81EDA3AF-3A5D-436C-AEC6-2F73FA09223C}.Debug|Any CPU.ActiveCfg = Debug|Any CPU
		{81EDA3AF-3A5D-436C-AEC6-2F73FA09223C}.Debug|Any CPU.Build.0 = Debug|Any CPU
		{81EDA3AF-3A5D-436C-AEC6-2F73FA09223C}.Release|Any CPU.ActiveCfg = Release|Any CPU
		{81EDA3AF-3A5D-436C-AEC6-2F73FA09223C}.Release|Any CPU.Build.0 = Release|Any CPU
	EndGlobalSection
	GlobalSection(SolutionProperties) = preSolution
		HideSolutionNode = FALSE
	EndGlobalSection
	GlobalSection(NestedProjects) = preSolution
		{5A477932-811B-483E-AD9B-66404750D882} = {B0A62564-424A-4E80-82BB-F9FDFB41C087}
		{07CC86CC-34C0-4503-821A-36AA93901FDF} = {B0A62564-424A-4E80-82BB-F9FDFB41C087}
		{B0A62564-424A-4E80-82BB-F9FDFB41C087} = {0974C4FB-5E4F-4FB3-B582-0BEEB32365A2}
		{199DD20B-2A14-4EB0-8B47-77F409BE424E} = {0974C4FB-5E4F-4FB3-B582-0BEEB32365A2}
		{ADCC9981-AB9C-4405-B41B-75DD22216065} = {199DD20B-2A14-4EB0-8B47-77F409BE424E}
		{E6A50C00-D076-4420-BCF0-C4425D66717D} = {0831FA87-0673-424B-A04D-3C22B5F85E67}
		{3D372ACE-CB23-41DF-9932-3CCF2516DCED} = {E6A50C00-D076-4420-BCF0-C4425D66717D}
		{00933B04-8B15-4E8F-9FB4-0ECC0095773F} = {E6A50C00-D076-4420-BCF0-C4425D66717D}
		{68A7465A-20F7-4766-98DB-902D52B5F5C9} = {3D372ACE-CB23-41DF-9932-3CCF2516DCED}
		{25B52955-F453-4E26-9B4D-D01FCB644E9E} = {0831FA87-0673-424B-A04D-3C22B5F85E67}
		{434DA343-A389-490C-A0F9-45754623C54D} = {25B52955-F453-4E26-9B4D-D01FCB644E9E}
		{95BEC932-20D1-4614-A229-B727C7AFB720} = {25B52955-F453-4E26-9B4D-D01FCB644E9E}
		{7DC91A6E-FC3C-4879-BFF1-19FFC70BE4E5} = {434DA343-A389-490C-A0F9-45754623C54D}
		{93FDAC26-8D3D-43AA-BFAC-C3A3006BC295} = {0831FA87-0673-424B-A04D-3C22B5F85E67}
		{CEAD1C9F-EEA6-40DD-8859-5925DF5C77A7} = {0831FA87-0673-424B-A04D-3C22B5F85E67}
		{0EE69DF8-246B-4C25-BD79-A2C5DD7E6A4E} = {228FC884-2A48-4F51-9D90-10CF0D60EC28}
		{986D68F5-3845-44C7-9FD8-BAC73BCA5EC5} = {0EE69DF8-246B-4C25-BD79-A2C5DD7E6A4E}
		{727A9635-1639-493B-97F1-CA336E4B7093} = {0831FA87-0673-424B-A04D-3C22B5F85E67}
		{7582ECE4-69F4-4578-81EF-618066A36434} = {E8A35B67-42FD-4041-90CC-C4A5790DB95F}
		{BA12E112-957C-4060-93E4-17F234DDE577} = {CEAD1C9F-EEA6-40DD-8859-5925DF5C77A7}
		{40FAC61D-12FC-44E5-AD9F-52B8CB64E2D5} = {CEAD1C9F-EEA6-40DD-8859-5925DF5C77A7}
		{F8AF8F72-5685-4F53-8770-4D0250C792C2} = {BA12E112-957C-4060-93E4-17F234DDE577}
		{9E5C14CD-AEB1-4455-A6A6-D17FBF1786FF} = {BA12E112-957C-4060-93E4-17F234DDE577}
		{BCE1CD2E-032A-4FE8-AE82-62AA91BD5370} = {BA12E112-957C-4060-93E4-17F234DDE577}
		{A31209D9-61D9-4F80-A217-FD30C09EF79F} = {BA12E112-957C-4060-93E4-17F234DDE577}
		{620211DA-4718-441D-B246-A1EAC5DC2567} = {0831FA87-0673-424B-A04D-3C22B5F85E67}
		{E8A35B67-42FD-4041-90CC-C4A5790DB95F} = {727A9635-1639-493B-97F1-CA336E4B7093}
		{BE0C1F0D-487A-4258-9BB5-DE717F4AE65B} = {727A9635-1639-493B-97F1-CA336E4B7093}
		{966C690D-172D-4C85-9C62-2A6A97E213EE} = {93FDAC26-8D3D-43AA-BFAC-C3A3006BC295}
		{52BAAC76-7120-4CE0-B059-C884A02B3C93} = {620211DA-4718-441D-B246-A1EAC5DC2567}
		{9F6E4AE1-61C8-45FD-A6DC-FD26D43DA2CB} = {93FDAC26-8D3D-43AA-BFAC-C3A3006BC295}
		{5CF911D6-8CE3-4249-9280-796E5FE65057} = {620211DA-4718-441D-B246-A1EAC5DC2567}
		{81EDA3AF-3A5D-436C-AEC6-2F73FA09223C} = {52BAAC76-7120-4CE0-B059-C884A02B3C93}
	EndGlobalSection
EndGlobal
